
Microsoft Visual Studio Solution File, Format Version 12.00
# Visual Studio Version 17
VisualStudioVersion = 17.7.34221.43
MinimumVisualStudioVersion = 10.0.40219.1
Project("{FAE04EC0-301F-11D3-BF4B-00C04F79EFBC}") = "Sewarage bill", "Sewarage bill\Sewarage bill.csproj", "{AB959D73-0DDE-43AC-802C-FF720063403F}"
EndProject
Global
	GlobalSection(SolutionConfigurationPlatforms) = preSolution
		Debug|Any CPU = Debug|Any CPU
		Release|Any CPU = Release|Any CPU
	EndGlobalSection
	GlobalSection(ProjectConfigurationPlatforms) = postSolution
		{AB959D73-0DDE-43AC-802C-FF720063403F}.Debug|Any CPU.ActiveCfg = Debug|Any CPU
		{AB959D73-0DDE-43AC-802C-FF720063403F}.Debug|Any CPU.Build.0 = Debug|Any CPU
		{AB959D73-0DDE-43AC-802C-FF720063403F}.Release|Any CPU.ActiveCfg = Release|Any CPU
		{AB959D73-0DDE-43AC-802C-FF720063403F}.Release|Any CPU.Build.0 = Release|Any CPU
	EndGlobalSection
	GlobalSection(SolutionProperties) = preSolution
		HideSolutionNode = FALSE
	EndGlobalSection
	GlobalSection(ExtensibilityGlobals) = postSolution
		SolutionGuid = {A9BB80DF-66EB-429D-93E9-F0B6C954A0A0}
	EndGlobalSection
EndGlobal
